
Microsoft Visual Studio Solution File, Format Version 12.00
# Visual Studio 14
VisualStudioVersion = 14.0.25123.0
MinimumVisualStudioVersion = 10.0.40219.1
Project("{FAE04EC0-301F-11D3-BF4B-00C04F79EFBC}") = "DrawSimpleObjectsExample", "DrawSimpleObjectsExample\DrawSimpleObjectsExample.csproj", "{B33F104A-0C67-4E3A-B7B8-429B3A4A31FB}"
EndProject
Project("{FAE04EC0-301F-11D3-BF4B-00C04F79EFBC}") = "BitmapExample", "BitmapExample\BitmapExample.csproj", "{781BB5FA-FFCE-44F3-A10D-EDD881F54E92}"
EndProject
Project("{FAE04EC0-301F-11D3-BF4B-00C04F79EFBC}") = "Images", "Images\Images.csproj", "{2FA05862-86BE-447C-BBBC-C9CFB2680746}"
EndProject
Project("{FAE04EC0-301F-11D3-BF4B-00C04F79EFBC}") = "PictureBoxExample", "PictureBoxExample\PictureBoxExample.csproj", "{64C22679-1711-4494-A3C4-C6F78BD7226F}"
EndProject
Global
	GlobalSection(SolutionConfigurationPlatforms) = preSolution
		Debug|Any CPU = Debug|Any CPU
		Release|Any CPU = Release|Any CPU
	EndGlobalSection
	GlobalSection(ProjectConfigurationPlatforms) = postSolution
		{B33F104A-0C67-4E3A-B7B8-429B3A4A31FB}.Debug|Any CPU.ActiveCfg = Debug|Any CPU
		{B33F104A-0C67-4E3A-B7B8-429B3A4A31FB}.Debug|Any CPU.Build.0 = Debug|Any CPU
		{B33F104A-0C67-4E3A-B7B8-429B3A4A31FB}.Release|Any CPU.ActiveCfg = Release|Any CPU
		{B33F104A-0C67-4E3A-B7B8-429B3A4A31FB}.Release|Any CPU.Build.0 = Release|Any CPU
		{781BB5FA-FFCE-44F3-A10D-EDD881F54E92}.Debug|Any CPU.ActiveCfg = Debug|Any CPU
		{781BB5FA-FFCE-44F3-A10D-EDD881F54E92}.Debug|Any CPU.Build.0 = Debug|Any CPU
		{781BB5FA-FFCE-44F3-A10D-EDD881F54E92}.Release|Any CPU.ActiveCfg = Release|Any CPU
		{781BB5FA-FFCE-44F3-A10D-EDD881F54E92}.Release|Any CPU.Build.0 = Release|Any CPU
		{2FA05862-86BE-447C-BBBC-C9CFB2680746}.Debug|Any CPU.ActiveCfg = Debug|Any CPU
		{2FA05862-86BE-447C-BBBC-C9CFB2680746}.Debug|Any CPU.Build.0 = Debug|Any CPU
		{2FA05862-86BE-447C-BBBC-C9CFB2680746}.Release|Any CPU.ActiveCfg = Release|Any CPU
		{2FA05862-86BE-447C-BBBC-C9CFB2680746}.Release|Any CPU.Build.0 = Release|Any CPU
		{64C22679-1711-4494-A3C4-C6F78BD7226F}.Debug|Any CPU.ActiveCfg = Debug|Any CPU
		{64C22679-1711-4494-A3C4-C6F78BD7226F}.Debug|Any CPU.Build.0 = Debug|Any CPU
		{64C22679-1711-4494-A3C4-C6F78BD7226F}.Release|Any CPU.ActiveCfg = Release|Any CPU
		{64C22679-1711-4494-A3C4-C6F78BD7226F}.Release|Any CPU.Build.0 = Release|Any CPU
	EndGlobalSection
	GlobalSection(SolutionProperties) = preSolution
		HideSolutionNode = FALSE
	EndGlobalSection
EndGlobal
